# generated by rye
# use `rye lock` or `rye sync` to update this lockfile
#
# last locked with the following flags:
#   pre: false
#   features: []
#   all-features: false
#   with-sources: false
#   generate-hashes: false

-e file:.
altgraph==0.17.4
    # via pyinstaller
certifi==2024.2.2
    # via requests
charset-normalizer==3.3.2
    # via requests
click==8.1.7
    # via mncc
idna==3.7
    # via requests
markdown-it-py==3.0.0
    # via rich
mdurl==0.1.2
    # via markdown-it-py
packaging==24.0
    # via pyinstaller
    # via pyinstaller-hooks-contrib
pygments==2.18.0
    # via rich
pyinstaller==6.7.0
pyinstaller-hooks-contrib==2024.6
    # via pyinstaller
requests==2.32.2
    # via mncc
rich==13.7.1
    # via mncc
setuptools==70.0.0
    # via pyinstaller
    # via pyinstaller-hooks-contrib
urllib3==2.2.1
    # via requests
